<?xml version="1.0" encoding="utf-8"?>
<Project ToolsVersion="4.0" xmlns="http://schemas.microsoft.com/developer/msbuild/2003">
  <ItemGroup>
    <ClCompile Include="$(MSBuildThisFileDirectory)stmlib\dsp\units.cc" />
    <ClCompile Include="$(MSBuildThisFileDirectory)stmlib\system\system_clock.cc" />
    <ClCompile Include="$(MSBuildThisFileDirectory)third_party\STM\CMSIS\CM3_f0xx\system_stm32f0xx.c" />
    <ClCompile Include="$(MSBuildThisFileDirectory)third_party\STM\CMSIS\CM3_f10x\system_stm32f10x.c" />
    <ClCompile Include="$(MSBuildThisFileDirectory)third_party\STM\CMSIS\CM3_f37x\system_stm32f37x.c" />
    <ClCompile Include="$(MSBuildThisFileDirectory)third_party\STM\CMSIS\CM3_f4xx\system_stm32f4xx.c" />
    <ClCompile Include="$(MSBuildThisFileDirectory)third_party\STM\CMSIS\CM3_g4xx\system_stm32g4xx.c" />
    <ClCompile Include="$(MSBuildThisFileDirectory)third_party\STM\CMSIS\CM3_h7xx\system_stm32h7xx.c" />
    <ClCompile Include="$(MSBuildThisFileDirectory)third_party\STM\STM32F0xx_StdPeriph_Driver\src\stm32f0xx_adc.c" />
    <ClCompile Include="$(MSBuildThisFileDirectory)third_party\STM\STM32F0xx_StdPeriph_Driver\src\stm32f0xx_can.c" />
    <ClCompile Include="$(MSBuildThisFileDirectory)third_party\STM\STM32F0xx_StdPeriph_Driver\src\stm32f0xx_cec.c" />
    <ClCompile Include="$(MSBuildThisFileDirectory)third_party\STM\STM32F0xx_StdPeriph_Driver\src\stm32f0xx_comp.c" />
    <ClCompile Include="$(MSBuildThisFileDirectory)third_party\STM\STM32F0xx_StdPeriph_Driver\src\stm32f0xx_crc.c" />
    <ClCompile Include="$(MSBuildThisFileDirectory)third_party\STM\STM32F0xx_StdPeriph_Driver\src\stm32f0xx_crs.c" />
    <ClCompile Include="$(MSBuildThisFileDirectory)third_party\STM\STM32F0xx_StdPeriph_Driver\src\stm32f0xx_dac.c" />
    <ClCompile Include="$(MSBuildThisFileDirectory)third_party\STM\STM32F0xx_StdPeriph_Driver\src\stm32f0xx_dbgmcu.c" />
    <ClCompile Include="$(MSBuildThisFileDirectory)third_party\STM\STM32F0xx_StdPeriph_Driver\src\stm32f0xx_dma.c" />
    <ClCompile Include="$(MSBuildThisFileDirectory)third_party\STM\STM32F0xx_StdPeriph_Driver\src\stm32f0xx_exti.c" />
    <ClCompile Include="$(MSBuildThisFileDirectory)third_party\STM\STM32F0xx_StdPeriph_Driver\src\stm32f0xx_flash.c" />
    <ClCompile Include="$(MSBuildThisFileDirectory)third_party\STM\STM32F0xx_StdPeriph_Driver\src\stm32f0xx_gpio.c" />
    <ClCompile Include="$(MSBuildThisFileDirectory)third_party\STM\STM32F0xx_StdPeriph_Driver\src\stm32f0xx_i2c.c" />
    <ClCompile Include="$(MSBuildThisFileDirectory)third_party\STM\STM32F0xx_StdPeriph_Driver\src\stm32f0xx_iwdg.c" />
    <ClCompile Include="$(MSBuildThisFileDirectory)third_party\STM\STM32F0xx_StdPeriph_Driver\src\stm32f0xx_misc.c" />
    <ClCompile Include="$(MSBuildThisFileDirectory)third_party\STM\STM32F0xx_StdPeriph_Driver\src\stm32f0xx_pwr.c" />
    <ClCompile Include="$(MSBuildThisFileDirectory)third_party\STM\STM32F0xx_StdPeriph_Driver\src\stm32f0xx_rcc.c" />
    <ClCompile Include="$(MSBuildThisFileDirectory)third_party\STM\STM32F0xx_StdPeriph_Driver\src\stm32f0xx_rtc.c" />
    <ClCompile Include="$(MSBuildThisFileDirectory)third_party\STM\STM32F0xx_StdPeriph_Driver\src\stm32f0xx_spi.c" />
    <ClCompile Include="$(MSBuildThisFileDirectory)third_party\STM\STM32F0xx_StdPeriph_Driver\src\stm32f0xx_syscfg.c" />
    <ClCompile Include="$(MSBuildThisFileDirectory)third_party\STM\STM32F0xx_StdPeriph_Driver\src\stm32f0xx_tim.c" />
    <ClCompile Include="$(MSBuildThisFileDirectory)third_party\STM\STM32F0xx_StdPeriph_Driver\src\stm32f0xx_usart.c" />
    <ClCompile Include="$(MSBuildThisFileDirectory)third_party\STM\STM32F0xx_StdPeriph_Driver\src\stm32f0xx_wwdg.c" />
    <ClCompile Include="$(MSBuildThisFileDirectory)third_party\STM\STM32F10x_StdPeriph_Driver\src\misc.c" />
    <ClCompile Include="$(MSBuildThisFileDirectory)third_party\STM\STM32F10x_StdPeriph_Driver\src\stm32f10x_adc.c" />
    <ClCompile Include="$(MSBuildThisFileDirectory)third_party\STM\STM32F10x_StdPeriph_Driver\src\stm32f10x_bkp.c" />
    <ClCompile Include="$(MSBuildThisFileDirectory)third_party\STM\STM32F10x_StdPeriph_Driver\src\stm32f10x_can.c" />
    <ClCompile Include="$(MSBuildThisFileDirectory)third_party\STM\STM32F10x_StdPeriph_Driver\src\stm32f10x_crc.c" />
    <ClCompile Include="$(MSBuildThisFileDirectory)third_party\STM\STM32F10x_StdPeriph_Driver\src\stm32f10x_dac.c" />
    <ClCompile Include="$(MSBuildThisFileDirectory)third_party\STM\STM32F10x_StdPeriph_Driver\src\stm32f10x_dbgmcu.c" />
    <ClCompile Include="$(MSBuildThisFileDirectory)third_party\STM\STM32F10x_StdPeriph_Driver\src\stm32f10x_dma.c" />
    <ClCompile Include="$(MSBuildThisFileDirectory)third_party\STM\STM32F10x_StdPeriph_Driver\src\stm32f10x_exti.c" />
    <ClCompile Include="$(MSBuildThisFileDirectory)third_party\STM\STM32F10x_StdPeriph_Driver\src\stm32f10x_flash.c" />
    <ClCompile Include="$(MSBuildThisFileDirectory)third_party\STM\STM32F10x_StdPeriph_Driver\src\stm32f10x_fsmc.c" />
    <ClCompile Include="$(MSBuildThisFileDirectory)third_party\STM\STM32F10x_StdPeriph_Driver\src\stm32f10x_gpio.c" />
    <ClCompile Include="$(MSBuildThisFileDirectory)third_party\STM\STM32F10x_StdPeriph_Driver\src\stm32f10x_i2c.c" />
    <ClCompile Include="$(MSBuildThisFileDirectory)third_party\STM\STM32F10x_StdPeriph_Driver\src\stm32f10x_iwdg.c" />
    <ClCompile Include="$(MSBuildThisFileDirectory)third_party\STM\STM32F10x_StdPeriph_Driver\src\stm32f10x_pwr.c" />
    <ClCompile Include="$(MSBuildThisFileDirectory)third_party\STM\STM32F10x_StdPeriph_Driver\src\stm32f10x_rcc.c" />
    <ClCompile Include="$(MSBuildThisFileDirectory)third_party\STM\STM32F10x_StdPeriph_Driver\src\stm32f10x_rtc.c" />
    <ClCompile Include="$(MSBuildThisFileDirectory)third_party\STM\STM32F10x_StdPeriph_Driver\src\stm32f10x_sdio.c" />
    <ClCompile Include="$(MSBuildThisFileDirectory)third_party\STM\STM32F10x_StdPeriph_Driver\src\stm32f10x_spi.c" />
    <ClCompile Include="$(MSBuildThisFileDirectory)third_party\STM\STM32F10x_StdPeriph_Driver\src\stm32f10x_tim.c" />
    <ClCompile Include="$(MSBuildThisFileDirectory)third_party\STM\STM32F10x_StdPeriph_Driver\src\stm32f10x_usart.c" />
    <ClCompile Include="$(MSBuildThisFileDirectory)third_party\STM\STM32F10x_StdPeriph_Driver\src\stm32f10x_wwdg.c" />
    <ClCompile Include="$(MSBuildThisFileDirectory)third_party\STM\STM32F37x_StdPeriph_Driver\src\stm32f37x_adc.c" />
    <ClCompile Include="$(MSBuildThisFileDirectory)third_party\STM\STM32F37x_StdPeriph_Driver\src\stm32f37x_can.c" />
    <ClCompile Include="$(MSBuildThisFileDirectory)third_party\STM\STM32F37x_StdPeriph_Driver\src\stm32f37x_cec.c" />
    <ClCompile Include="$(MSBuildThisFileDirectory)third_party\STM\STM32F37x_StdPeriph_Driver\src\stm32f37x_comp.c" />
    <ClCompile Include="$(MSBuildThisFileDirectory)third_party\STM\STM32F37x_StdPeriph_Driver\src\stm32f37x_crc.c" />
    <ClCompile Include="$(MSBuildThisFileDirectory)third_party\STM\STM32F37x_StdPeriph_Driver\src\stm32f37x_dac.c" />
    <ClCompile Include="$(MSBuildThisFileDirectory)third_party\STM\STM32F37x_StdPeriph_Driver\src\stm32f37x_dbgmcu.c" />
    <ClCompile Include="$(MSBuildThisFileDirectory)third_party\STM\STM32F37x_StdPeriph_Driver\src\stm32f37x_dma.c" />
    <ClCompile Include="$(MSBuildThisFileDirectory)third_party\STM\STM32F37x_StdPeriph_Driver\src\stm32f37x_exti.c" />
    <ClCompile Include="$(MSBuildThisFileDirectory)third_party\STM\STM32F37x_StdPeriph_Driver\src\stm32f37x_flash.c" />
    <ClCompile Include="$(MSBuildThisFileDirectory)third_party\STM\STM32F37x_StdPeriph_Driver\src\stm32f37x_gpio.c" />
    <ClCompile Include="$(MSBuildThisFileDirectory)third_party\STM\STM32F37x_StdPeriph_Driver\src\stm32f37x_i2c.c" />
    <ClCompile Include="$(MSBuildThisFileDirectory)third_party\STM\STM32F37x_StdPeriph_Driver\src\stm32f37x_iwdg.c" />
    <ClCompile Include="$(MSBuildThisFileDirectory)third_party\STM\STM32F37x_StdPeriph_Driver\src\stm32f37x_misc.c" />
    <ClCompile Include="$(MSBuildThisFileDirectory)third_party\STM\STM32F37x_StdPeriph_Driver\src\stm32f37x_pwr.c" />
    <ClCompile Include="$(MSBuildThisFileDirectory)third_party\STM\STM32F37x_StdPeriph_Driver\src\stm32f37x_rcc.c" />
    <ClCompile Include="$(MSBuildThisFileDirectory)third_party\STM\STM32F37x_StdPeriph_Driver\src\stm32f37x_rtc.c" />
    <ClCompile Include="$(MSBuildThisFileDirectory)third_party\STM\STM32F37x_StdPeriph_Driver\src\stm32f37x_sdadc.c" />
    <ClCompile Include="$(MSBuildThisFileDirectory)third_party\STM\STM32F37x_StdPeriph_Driver\src\stm32f37x_spi.c" />
    <ClCompile Include="$(MSBuildThisFileDirectory)third_party\STM\STM32F37x_StdPeriph_Driver\src\stm32f37x_syscfg.c" />
    <ClCompile Include="$(MSBuildThisFileDirectory)third_party\STM\STM32F37x_StdPeriph_Driver\src\stm32f37x_tim.c" />
    <ClCompile Include="$(MSBuildThisFileDirectory)third_party\STM\STM32F37x_StdPeriph_Driver\src\stm32f37x_usart.c" />
    <ClCompile Include="$(MSBuildThisFileDirectory)third_party\STM\STM32F37x_StdPeriph_Driver\src\stm32f37x_wwdg.c" />
    <ClCompile Include="$(MSBuildThisFileDirectory)third_party\STM\STM32F4xx_StdPeriph_Driver\src\misc.c" />
    <ClCompile Include="$(MSBuildThisFileDirectory)third_party\STM\STM32F4xx_StdPeriph_Driver\src\stm32f4xx_adc.c" />
    <ClCompile Include="$(MSBuildThisFileDirectory)third_party\STM\STM32F4xx_StdPeriph_Driver\src\stm32f4xx_can.c" />
    <ClCompile Include="$(MSBuildThisFileDirectory)third_party\STM\STM32F4xx_StdPeriph_Driver\src\stm32f4xx_cec.c" />
    <ClCompile Include="$(MSBuildThisFileDirectory)third_party\STM\STM32F4xx_StdPeriph_Driver\src\stm32f4xx_crc.c" />
    <ClCompile Include="$(MSBuildThisFileDirectory)third_party\STM\STM32F4xx_StdPeriph_Driver\src\stm32f4xx_cryp.c" />
    <ClCompile Include="$(MSBuildThisFileDirectory)third_party\STM\STM32F4xx_StdPeriph_Driver\src\stm32f4xx_cryp_aes.c" />
    <ClCompile Include="$(MSBuildThisFileDirectory)third_party\STM\STM32F4xx_StdPeriph_Driver\src\stm32f4xx_cryp_des.c" />
    <ClCompile Include="$(MSBuildThisFileDirectory)third_party\STM\STM32F4xx_StdPeriph_Driver\src\stm32f4xx_cryp_tdes.c" />
    <ClCompile Include="$(MSBuildThisFileDirectory)third_party\STM\STM32F4xx_StdPeriph_Driver\src\stm32f4xx_dac.c" />
    <ClCompile Include="$(MSBuildThisFileDirectory)third_party\STM\STM32F4xx_StdPeriph_Driver\src\stm32f4xx_dbgmcu.c" />
    <ClCompile Include="$(MSBuildThisFileDirectory)third_party\STM\STM32F4xx_StdPeriph_Driver\src\stm32f4xx_dcmi.c" />
    <ClCompile Include="$(MSBuildThisFileDirectory)third_party\STM\STM32F4xx_StdPeriph_Driver\src\stm32f4xx_dma.c" />
    <ClCompile Include="$(MSBuildThisFileDirectory)third_party\STM\STM32F4xx_StdPeriph_Driver\src\stm32f4xx_dma2d.c" />
    <ClCompile Include="$(MSBuildThisFileDirectory)third_party\STM\STM32F4xx_StdPeriph_Driver\src\stm32f4xx_dsi.c" />
    <ClCompile Include="$(MSBuildThisFileDirectory)third_party\STM\STM32F4xx_StdPeriph_Driver\src\stm32f4xx_exti.c" />
    <ClCompile Include="$(MSBuildThisFileDirectory)third_party\STM\STM32F4xx_StdPeriph_Driver\src\stm32f4xx_flash.c" />
    <ClCompile Include="$(MSBuildThisFileDirectory)third_party\STM\STM32F4xx_StdPeriph_Driver\src\stm32f4xx_flash_ramfunc.c" />
    <ClCompile Include="$(MSBuildThisFileDirectory)third_party\STM\STM32F4xx_StdPeriph_Driver\src\stm32f4xx_fmc.c" />
    <ClCompile Include="$(MSBuildThisFileDirectory)third_party\STM\STM32F4xx_StdPeriph_Driver\src\stm32f4xx_fmpi2c.c" />
    <ClCompile Include="$(MSBuildThisFileDirectory)third_party\STM\STM32F4xx_StdPeriph_Driver\src\stm32f4xx_fsmc.c" />
    <ClCompile Include="$(MSBuildThisFileDirectory)third_party\STM\STM32F4xx_StdPeriph_Driver\src\stm32f4xx_gpio.c" />
    <ClCompile Include="$(MSBuildThisFileDirectory)third_party\STM\STM32F4xx_StdPeriph_Driver\src\stm32f4xx_hash.c" />
    <ClCompile Include="$(MSBuildThisFileDirectory)third_party\STM\STM32F4xx_StdPeriph_Driver\src\stm32f4xx_hash_md5.c" />
    <ClCompile Include="$(MSBuildThisFileDirectory)third_party\STM\STM32F4xx_StdPeriph_Driver\src\stm32f4xx_hash_sha1.c" />
    <ClCompile Include="$(MSBuildThisFileDirectory)third_party\STM\STM32F4xx_StdPeriph_Driver\src\stm32f4xx_i2c.c" />
    <ClCompile Include="$(MSBuildThisFileDirectory)third_party\STM\STM32F4xx_StdPeriph_Driver\src\stm32f4xx_iwdg.c" />
    <ClCompile Include="$(MSBuildThisFileDirectory)third_party\STM\STM32F4xx_StdPeriph_Driver\src\stm32f4xx_lptim.c" />
    <ClCompile Include="$(MSBuildThisFileDirectory)third_party\STM\STM32F4xx_StdPeriph_Driver\src\stm32f4xx_ltdc.c" />
    <ClCompile Include="$(MSBuildThisFileDirectory)third_party\STM\STM32F4xx_StdPeriph_Driver\src\stm32f4xx_pwr.c" />
    <ClCompile Include="$(MSBuildThisFileDirectory)third_party\STM\STM32F4xx_StdPeriph_Driver\src\stm32f4xx_qspi.c" />
    <ClCompile Include="$(MSBuildThisFileDirectory)third_party\STM\STM32F4xx_StdPeriph_Driver\src\stm32f4xx_rcc.c" />
    <ClCompile Include="$(MSBuildThisFileDirectory)third_party\STM\STM32F4xx_StdPeriph_Driver\src\stm32f4xx_rng.c" />
    <ClCompile Include="$(MSBuildThisFileDirectory)third_party\STM\STM32F4xx_StdPeriph_Driver\src\stm32f4xx_rtc.c" />
    <ClCompile Include="$(MSBuildThisFileDirectory)third_party\STM\STM32F4xx_StdPeriph_Driver\src\stm32f4xx_sai.c" />
    <ClCompile Include="$(MSBuildThisFileDirectory)third_party\STM\STM32F4xx_StdPeriph_Driver\src\stm32f4xx_sdio.c" />
    <ClCompile Include="$(MSBuildThisFileDirectory)third_party\STM\STM32F4xx_StdPeriph_Driver\src\stm32f4xx_spdifrx.c" />
    <ClCompile Include="$(MSBuildThisFileDirectory)third_party\STM\STM32F4xx_StdPeriph_Driver\src\stm32f4xx_spi.c" />
    <ClCompile Include="$(MSBuildThisFileDirectory)third_party\STM\STM32F4xx_StdPeriph_Driver\src\stm32f4xx_syscfg.c" />
    <ClCompile Include="$(MSBuildThisFileDirectory)third_party\STM\STM32F4xx_StdPeriph_Driver\src\stm32f4xx_tim.c" />
    <ClCompile Include="$(MSBuildThisFileDirectory)third_party\STM\STM32F4xx_StdPeriph_Driver\src\stm32f4xx_usart.c" />
    <ClCompile Include="$(MSBuildThisFileDirectory)third_party\STM\STM32F4xx_StdPeriph_Driver\src\stm32f4xx_wwdg.c" />
    <ClCompile Include="$(MSBuildThisFileDirectory)third_party\STM\STM32G4xx_HAL_Driver\src\stm32g4xx_hal.c" />
    <ClCompile Include="$(MSBuildThisFileDirectory)third_party\STM\STM32G4xx_HAL_Driver\src\stm32g4xx_hal_adc.c" />
    <ClCompile Include="$(MSBuildThisFileDirectory)third_party\STM\STM32G4xx_HAL_Driver\src\stm32g4xx_hal_adc_ex.c" />
    <ClCompile Include="$(MSBuildThisFileDirectory)third_party\STM\STM32G4xx_HAL_Driver\src\stm32g4xx_hal_cortex.c" />
    <ClCompile Include="$(MSBuildThisFileDirectory)third_party\STM\STM32G4xx_HAL_Driver\src\stm32g4xx_hal_dac.c" />
    <ClCompile Include="$(MSBuildThisFileDirectory)third_party\STM\STM32G4xx_HAL_Driver\src\stm32g4xx_hal_dac_ex.c" />
    <ClCompile Include="$(MSBuildThisFileDirectory)third_party\STM\STM32G4xx_HAL_Driver\src\stm32g4xx_hal_dma.c" />
    <ClCompile Include="$(MSBuildThisFileDirectory)third_party\STM\STM32G4xx_HAL_Driver\src\stm32g4xx_hal_dma_ex.c" />
    <ClCompile Include="$(MSBuildThisFileDirectory)third_party\STM\STM32G4xx_HAL_Driver\src\stm32g4xx_hal_flash.c" />
    <ClCompile Include="$(MSBuildThisFileDirectory)third_party\STM\STM32G4xx_HAL_Driver\src\stm32g4xx_hal_flash_ex.c" />
    <ClCompile Include="$(MSBuildThisFileDirectory)third_party\STM\STM32G4xx_HAL_Driver\src\stm32g4xx_hal_flash_ramfunc.c" />
    <ClCompile Include="$(MSBuildThisFileDirectory)third_party\STM\STM32G4xx_HAL_Driver\src\stm32g4xx_hal_fmac.c" />
    <ClCompile Include="$(MSBuildThisFileDirectory)third_party\STM\STM32G4xx_HAL_Driver\src\stm32g4xx_hal_gpio.c" />
    <ClCompile Include="$(MSBuildThisFileDirectory)third_party\STM\STM32G4xx_HAL_Driver\src\stm32g4xx_hal_i2c.c" />
    <ClCompile Include="$(MSBuildThisFileDirectory)third_party\STM\STM32G4xx_HAL_Driver\src\stm32g4xx_hal_i2c_ex.c" />
    <ClCompile Include="$(MSBuildThisFileDirectory)third_party\STM\STM32G4xx_HAL_Driver\src\stm32g4xx_hal_i2s.c" />
    <ClCompile Include="$(MSBuildThisFileDirectory)third_party\STM\STM32G4xx_HAL_Driver\src\stm32g4xx_hal_iwdg.c" />
    <ClCompile Include="$(MSBuildThisFileDirectory)third_party\STM\STM32G4xx_HAL_Driver\src\stm32g4xx_hal_msp_template.c" />
    <ClCompile Include="$(MSBuildThisFileDirectory)third_party\STM\STM32G4xx_HAL_Driver\src\stm32g4xx_hal_pwr.c" />
    <ClCompile Include="$(MSBuildThisFileDirectory)third_party\STM\STM32G4xx_HAL_Driver\src\stm32g4xx_hal_pwr_ex.c" />
    <ClCompile Include="$(MSBuildThisFileDirectory)third_party\STM\STM32G4xx_HAL_Driver\src\stm32g4xx_hal_qspi.c" />
    <ClCompile Include="$(MSBuildThisFileDirectory)third_party\STM\STM32G4xx_HAL_Driver\src\stm32g4xx_hal_rcc.c" />
    <ClCompile Include="$(MSBuildThisFileDirectory)third_party\STM\STM32G4xx_HAL_Driver\src\stm32g4xx_hal_rcc_ex.c" />
    <ClCompile Include="$(MSBuildThisFileDirectory)third_party\STM\STM32G4xx_HAL_Driver\src\stm32g4xx_hal_rng.c" />
    <ClCompile Include="$(MSBuildThisFileDirectory)third_party\STM\STM32G4xx_HAL_Driver\src\stm32g4xx_hal_sai.c" />
    <ClCompile Include="$(MSBuildThisFileDirectory)third_party\STM\STM32G4xx_HAL_Driver\src\stm32g4xx_hal_sai_ex.c" />
    <ClCompile Include="$(MSBuildThisFileDirectory)third_party\STM\STM32G4xx_HAL_Driver\src\stm32g4xx_hal_spi.c" />
    <ClCompile Include="$(MSBuildThisFileDirectory)third_party\STM\STM32G4xx_HAL_Driver\src\stm32g4xx_hal_spi_ex.c" />
    <ClCompile Include="$(MSBuildThisFileDirectory)third_party\STM\STM32G4xx_HAL_Driver\src\stm32g4xx_hal_tim.c" />
    <ClCompile Include="$(MSBuildThisFileDirectory)third_party\STM\STM32G4xx_HAL_Driver\src\stm32g4xx_hal_tim_ex.c" />
    <ClCompile Include="$(MSBuildThisFileDirectory)third_party\STM\STM32G4xx_HAL_Driver\src\stm32g4xx_hal_uart.c" />
    <ClCompile Include="$(MSBuildThisFileDirectory)third_party\STM\STM32G4xx_HAL_Driver\src\stm32g4xx_hal_uart_ex.c" />
    <ClCompile Include="$(MSBuildThisFileDirectory)third_party\STM\STM32G4xx_HAL_Driver\src\stm32g4xx_hal_usart.c" />
    <ClCompile Include="$(MSBuildThisFileDirectory)third_party\STM\STM32G4xx_HAL_Driver\src\stm32g4xx_hal_usart_ex.c" />
    <ClCompile Include="$(MSBuildThisFileDirectory)third_party\STM\STM32G4xx_HAL_Driver\src\stm32g4xx_ll_adc.c" />
    <ClCompile Include="$(MSBuildThisFileDirectory)third_party\STM\STM32G4xx_HAL_Driver\src\stm32g4xx_ll_dac.c" />
    <ClCompile Include="$(MSBuildThisFileDirectory)third_party\STM\STM32G4xx_HAL_Driver\src\stm32g4xx_ll_dma.c" />
    <ClCompile Include="$(MSBuildThisFileDirectory)third_party\STM\STM32G4xx_HAL_Driver\src\stm32g4xx_ll_fmac.c" />
    <ClCompile Include="$(MSBuildThisFileDirectory)third_party\STM\STM32G4xx_HAL_Driver\src\stm32g4xx_ll_gpio.c" />
    <ClCompile Include="$(MSBuildThisFileDirectory)third_party\STM\STM32G4xx_HAL_Driver\src\stm32g4xx_ll_hrtim.c" />
    <ClCompile Include="$(MSBuildThisFileDirectory)third_party\STM\STM32G4xx_HAL_Driver\src\stm32g4xx_ll_i2c.c" />
    <ClCompile Include="$(MSBuildThisFileDirectory)third_party\STM\STM32G4xx_HAL_Driver\src\stm32g4xx_ll_pwr.c" />
    <ClCompile Include="$(MSBuildThisFileDirectory)third_party\STM\STM32G4xx_HAL_Driver\src\stm32g4xx_ll_rcc.c" />
    <ClCompile Include="$(MSBuildThisFileDirectory)third_party\STM\STM32G4xx_HAL_Driver\src\stm32g4xx_ll_rng.c" />
    <ClCompile Include="$(MSBuildThisFileDirectory)third_party\STM\STM32G4xx_HAL_Driver\src\stm32g4xx_ll_spi.c" />
    <ClCompile Include="$(MSBuildThisFileDirectory)third_party\STM\STM32G4xx_HAL_Driver\src\stm32g4xx_ll_tim.c" />
    <ClCompile Include="$(MSBuildThisFileDirectory)third_party\STM\STM32G4xx_HAL_Driver\src\stm32g4xx_ll_usart.c" />
    <ClCompile Include="$(MSBuildThisFileDirectory)third_party\STM\STM32G4xx_HAL_Driver\src\stm32g4xx_ll_utils.c" />
    <ClCompile Include="$(MSBuildThisFileDirectory)third_party\STM\STM32H7xx_HAL_Driver\src\stm32h7xx_hal.c" />
    <ClCompile Include="$(MSBuildThisFileDirectory)third_party\STM\STM32H7xx_HAL_Driver\src\stm32h7xx_hal_adc.c" />
    <ClCompile Include="$(MSBuildThisFileDirectory)third_party\STM\STM32H7xx_HAL_Driver\src\stm32h7xx_hal_adc_ex.c" />
    <ClCompile Include="$(MSBuildThisFileDirectory)third_party\STM\STM32H7xx_HAL_Driver\src\stm32h7xx_hal_cortex.c" />
    <ClCompile Include="$(MSBuildThisFileDirectory)third_party\STM\STM32H7xx_HAL_Driver\src\stm32h7xx_hal_dac.c" />
    <ClCompile Include="$(MSBuildThisFileDirectory)third_party\STM\STM32H7xx_HAL_Driver\src\stm32h7xx_hal_dac_ex.c" />
    <ClCompile Include="$(MSBuildThisFileDirectory)third_party\STM\STM32H7xx_HAL_Driver\src\stm32h7xx_hal_dma.c" />
    <ClCompile Include="$(MSBuildThisFileDirectory)third_party\STM\STM32H7xx_HAL_Driver\src\stm32h7xx_hal_dma_ex.c" />
    <ClCompile Include="$(MSBuildThisFileDirectory)third_party\STM\STM32H7xx_HAL_Driver\src\stm32h7xx_hal_flash.c" />
    <ClCompile Include="$(MSBuildThisFileDirectory)third_party\STM\STM32H7xx_HAL_Driver\src\stm32h7xx_hal_flash_ex.c" />
    <ClCompile Include="$(MSBuildThisFileDirectory)third_party\STM\STM32H7xx_HAL_Driver\src\stm32h7xx_hal_gpio.c" />
    <ClCompile Include="$(MSBuildThisFileDirectory)third_party\STM\STM32H7xx_HAL_Driver\src\stm32h7xx_hal_hash_ex.c" />
    <ClCompile Include="$(MSBuildThisFileDirectory)third_party\STM\STM32H7xx_HAL_Driver\src\stm32h7xx_hal_hsem.c" />
    <ClCompile Include="$(MSBuildThisFileDirectory)third_party\STM\STM32H7xx_HAL_Driver\src\stm32h7xx_hal_i2c.c" />
    <ClCompile Include="$(MSBuildThisFileDirectory)third_party\STM\STM32H7xx_HAL_Driver\src\stm32h7xx_hal_i2c_ex.c" />
    <ClCompile Include="$(MSBuildThisFileDirectory)third_party\STM\STM32H7xx_HAL_Driver\src\stm32h7xx_hal_i2s.c" />
    <ClCompile Include="$(MSBuildThisFileDirectory)third_party\STM\STM32H7xx_HAL_Driver\src\stm32h7xx_hal_i2s_ex.c" />
    <ClCompile Include="$(MSBuildThisFileDirectory)third_party\STM\STM32H7xx_HAL_Driver\src\stm32h7xx_hal_iwdg.c" />
    <ClCompile Include="$(MSBuildThisFileDirectory)third_party\STM\STM32H7xx_HAL_Driver\src\stm32h7xx_hal_mdma.c" />
    <ClCompile Include="$(MSBuildThisFileDirectory)third_party\STM\STM32H7xx_HAL_Driver\src\stm32h7xx_hal_pwr.c" />
    <ClCompile Include="$(MSBuildThisFileDirectory)third_party\STM\STM32H7xx_HAL_Driver\src\stm32h7xx_hal_pwr_ex.c" />
    <ClCompile Include="$(MSBuildThisFileDirectory)third_party\STM\STM32H7xx_HAL_Driver\src\stm32h7xx_hal_qspi.c" />
    <ClCompile Include="$(MSBuildThisFileDirectory)third_party\STM\STM32H7xx_HAL_Driver\src\stm32h7xx_hal_rcc.c" />
    <ClCompile Include="$(MSBuildThisFileDirectory)third_party\STM\STM32H7xx_HAL_Driver\src\stm32h7xx_hal_rcc_ex.c" />
    <ClCompile Include="$(MSBuildThisFileDirectory)third_party\STM\STM32H7xx_HAL_Driver\src\stm32h7xx_hal_rng.c" />
    <ClCompile Include="$(MSBuildThisFileDirectory)third_party\STM\STM32H7xx_HAL_Driver\src\stm32h7xx_hal_sai.c" />
    <ClCompile Include="$(MSBuildThisFileDirectory)third_party\STM\STM32H7xx_HAL_Driver\src\stm32h7xx_hal_sai_ex.c" />
    <ClCompile Include="$(MSBuildThisFileDirectory)third_party\STM\STM32H7xx_HAL_Driver\src\stm32h7xx_hal_sd.c" />
    <ClCompile Include="$(MSBuildThisFileDirectory)third_party\STM\STM32H7xx_HAL_Driver\src\stm32h7xx_hal_sd_ex.c" />
    <ClCompile Include="$(MSBuildThisFileDirectory)third_party\STM\STM32H7xx_HAL_Driver\src\stm32h7xx_hal_spi.c" />
    <ClCompile Include="$(MSBuildThisFileDirectory)third_party\STM\STM32H7xx_HAL_Driver\src\stm32h7xx_hal_spi_ex.c" />
    <ClCompile Include="$(MSBuildThisFileDirectory)third_party\STM\STM32H7xx_HAL_Driver\src\stm32h7xx_hal_tim.c" />
    <ClCompile Include="$(MSBuildThisFileDirectory)third_party\STM\STM32H7xx_HAL_Driver\src\stm32h7xx_hal_tim_ex.c" />
    <ClCompile Include="$(MSBuildThisFileDirectory)third_party\STM\STM32H7xx_HAL_Driver\src\stm32h7xx_hal_uart.c" />
    <ClCompile Include="$(MSBuildThisFileDirectory)third_party\STM\STM32H7xx_HAL_Driver\src\stm32h7xx_hal_uart_ex.c" />
    <ClCompile Include="$(MSBuildThisFileDirectory)third_party\STM\STM32H7xx_HAL_Driver\src\stm32h7xx_hal_usart.c" />
    <ClCompile Include="$(MSBuildThisFileDirectory)third_party\STM\STM32H7xx_HAL_Driver\src\stm32h7xx_hal_usart_ex.c" />
    <ClCompile Include="$(MSBuildThisFileDirectory)third_party\STM\STM32H7xx_HAL_Driver\src\stm32h7xx_ll_adc.c" />
    <ClCompile Include="$(MSBuildThisFileDirectory)third_party\STM\STM32H7xx_HAL_Driver\src\stm32h7xx_ll_bdma.c" />
    <ClCompile Include="$(MSBuildThisFileDirectory)third_party\STM\STM32H7xx_HAL_Driver\src\stm32h7xx_ll_dac.c" />
    <ClCompile Include="$(MSBuildThisFileDirectory)third_party\STM\STM32H7xx_HAL_Driver\src\stm32h7xx_ll_delayblock.c" />
    <ClCompile Include="$(MSBuildThisFileDirectory)third_party\STM\STM32H7xx_HAL_Driver\src\stm32h7xx_ll_dma.c" />
    <ClCompile Include="$(MSBuildThisFileDirectory)third_party\STM\STM32H7xx_HAL_Driver\src\stm32h7xx_ll_gpio.c" />
    <ClCompile Include="$(MSBuildThisFileDirectory)third_party\STM\STM32H7xx_HAL_Driver\src\stm32h7xx_ll_i2c.c" />
    <ClCompile Include="$(MSBuildThisFileDirectory)third_party\STM\STM32H7xx_HAL_Driver\src\stm32h7xx_ll_lpuart.c" />
    <ClCompile Include="$(MSBuildThisFileDirectory)third_party\STM\STM32H7xx_HAL_Driver\src\stm32h7xx_ll_mdma.c" />
    <ClCompile Include="$(MSBuildThisFileDirectory)third_party\STM\STM32H7xx_HAL_Driver\src\stm32h7xx_ll_pwr.c" />
    <ClCompile Include="$(MSBuildThisFileDirectory)third_party\STM\STM32H7xx_HAL_Driver\src\stm32h7xx_ll_rcc.c" />
    <ClCompile Include="$(MSBuildThisFileDirectory)third_party\STM\STM32H7xx_HAL_Driver\src\stm32h7xx_ll_rng.c" />
    <ClCompile Include="$(MSBuildThisFileDirectory)third_party\STM\STM32H7xx_HAL_Driver\src\stm32h7xx_ll_sdmmc.c" />
    <ClCompile Include="$(MSBuildThisFileDirectory)third_party\STM\STM32H7xx_HAL_Driver\src\stm32h7xx_ll_spi.c" />
    <ClCompile Include="$(MSBuildThisFileDirectory)third_party\STM\STM32H7xx_HAL_Driver\src\stm32h7xx_ll_tim.c" />
    <ClCompile Include="$(MSBuildThisFileDirectory)third_party\STM\STM32H7xx_HAL_Driver\src\stm32h7xx_ll_usart.c" />
    <ClCompile Include="$(MSBuildThisFileDirectory)third_party\STM\STM32_USB-FS-Device_Driver\src\otgd_fs_cal.c" />
    <ClCompile Include="$(MSBuildThisFileDirectory)third_party\STM\STM32_USB-FS-Device_Driver\src\otgd_fs_dev.c" />
    <ClCompile Include="$(MSBuildThisFileDirectory)third_party\STM\STM32_USB-FS-Device_Driver\src\otgd_fs_int.c" />
    <ClCompile Include="$(MSBuildThisFileDirectory)third_party\STM\STM32_USB-FS-Device_Driver\src\otgd_fs_pcd.c" />
    <ClCompile Include="$(MSBuildThisFileDirectory)third_party\STM\STM32_USB-FS-Device_Driver\src\usb_core.c" />
    <ClCompile Include="$(MSBuildThisFileDirectory)third_party\STM\STM32_USB-FS-Device_Driver\src\usb_init.c" />
    <ClCompile Include="$(MSBuildThisFileDirectory)third_party\STM\STM32_USB-FS-Device_Driver\src\usb_int.c" />
    <ClCompile Include="$(MSBuildThisFileDirectory)third_party\STM\STM32_USB-FS-Device_Driver\src\usb_mem.c" />
    <ClCompile Include="$(MSBuildThisFileDirectory)third_party\STM\STM32_USB-FS-Device_Driver\src\usb_regs.c" />
    <ClCompile Include="$(MSBuildThisFileDirectory)third_party\STM\STM32_USB-FS-Device_Driver\src\usb_sil.c" />
    <ClCompile Include="$(MSBuildThisFileDirectory)stmlib\utils\random.cc" />
  </ItemGroup>
  <ItemGroup>
    <ClInclude Include="$(MSBuildThisFileDirectory)stmlib\algorithms\note_stack.h" />
    <ClInclude Include="$(MSBuildThisFileDirectory)stmlib\algorithms\pattern_predictor.h" />
    <ClInclude Include="$(MSBuildThisFileDirectory)stmlib\algorithms\tiny_map.h" />
    <ClInclude Include="$(MSBuildThisFileDirectory)stmlib\algorithms\voice_allocator.h" />
    <ClInclude Include="$(MSBuildThisFileDirectory)stmlib\dsp\cosine_oscillator.h" />
    <ClInclude Include="$(MSBuildThisFileDirectory)stmlib\dsp\delay_line.h" />
    <ClInclude Include="$(MSBuildThisFileDirectory)stmlib\dsp\dsp.h" />
    <ClInclude Include="$(MSBuildThisFileDirectory)stmlib\dsp\filter.h" />
    <ClInclude Include="$(MSBuildThisFileDirectory)stmlib\dsp\hysteresis_filter.h" />
    <ClInclude Include="$(MSBuildThisFileDirectory)stmlib\dsp\hysteresis_quantizer.h" />
    <ClInclude Include="$(MSBuildThisFileDirectory)stmlib\dsp\limiter.h" />
    <ClInclude Include="$(MSBuildThisFileDirectory)stmlib\dsp\parameter_interpolator.h" />
    <ClInclude Include="$(MSBuildThisFileDirectory)stmlib\dsp\polyblep.h" />
    <ClInclude Include="$(MSBuildThisFileDirectory)stmlib\dsp\rsqrt.h" />
    <ClInclude Include="$(MSBuildThisFileDirectory)stmlib\dsp\sample_rate_converter.h" />
    <ClInclude Include="$(MSBuildThisFileDirectory)stmlib\dsp\units.h" />
    <ClInclude Include="$(MSBuildThisFileDirectory)stmlib\fft\shy_fft.h" />
    <ClInclude Include="$(MSBuildThisFileDirectory)stmlib\midi\midi.h" />
    <ClInclude Include="$(MSBuildThisFileDirectory)system\flash_programming.h" />
    <ClInclude Include="$(MSBuildThisFileDirectory)system\page_storage.h" />
    <ClInclude Include="$(MSBuildThisFileDirectory)system\sector_storage_f4xx.h" />
    <ClInclude Include="$(MSBuildThisFileDirectory)system\sector_storage_h7xx.h" />
    <ClInclude Include="$(MSBuildThisFileDirectory)system\storage.h" />
    <ClInclude Include="$(MSBuildThisFileDirectory)stmlib\system\system_clock.h" />
    <ClInclude Include="$(MSBuildThisFileDirectory)system\uid.h" />
    <ClInclude Include="$(MSBuildThisFileDirectory)stmlib\test\wav_writer.h" />
    <ClInclude Include="$(MSBuildThisFileDirectory)third_party\STM\CMSIS\CM3_f0xx\stm32f0xx.h" />
    <ClInclude Include="$(MSBuildThisFileDirectory)third_party\STM\CMSIS\CM3_f0xx\system_stm32f0xx.h" />
    <ClInclude Include="$(MSBuildThisFileDirectory)third_party\STM\CMSIS\CM3_f10x\stm32f10x.h" />
    <ClInclude Include="$(MSBuildThisFileDirectory)third_party\STM\CMSIS\CM3_f10x\system_stm32f10x.h" />
    <ClInclude Include="$(MSBuildThisFileDirectory)third_party\STM\CMSIS\CM3_f37x\stm32f37x.h" />
    <ClInclude Include="$(MSBuildThisFileDirectory)third_party\STM\CMSIS\CM3_f37x\system_stm32f37x.h" />
    <ClInclude Include="$(MSBuildThisFileDirectory)third_party\STM\CMSIS\CM3_f4xx\stm32f4xx.h" />
    <ClInclude Include="$(MSBuildThisFileDirectory)third_party\STM\CMSIS\CM3_f4xx\system_stm32f4xx.h" />
    <ClInclude Include="$(MSBuildThisFileDirectory)third_party\STM\CMSIS\CM3_g4xx\stm32g431xx.h" />
    <ClInclude Include="$(MSBuildThisFileDirectory)third_party\STM\CMSIS\CM3_g4xx\stm32g441xx.h" />
    <ClInclude Include="$(MSBuildThisFileDirectory)third_party\STM\CMSIS\CM3_g4xx\stm32g471xx.h" />
    <ClInclude Include="$(MSBuildThisFileDirectory)third_party\STM\CMSIS\CM3_g4xx\stm32g473xx.h" />
    <ClInclude Include="$(MSBuildThisFileDirectory)third_party\STM\CMSIS\CM3_g4xx\stm32g474xx.h" />
    <ClInclude Include="$(MSBuildThisFileDirectory)third_party\STM\CMSIS\CM3_g4xx\stm32g483xx.h" />
    <ClInclude Include="$(MSBuildThisFileDirectory)third_party\STM\CMSIS\CM3_g4xx\stm32g484xx.h" />
    <ClInclude Include="$(MSBuildThisFileDirectory)third_party\STM\CMSIS\CM3_g4xx\stm32g4xx.h" />
    <ClInclude Include="$(MSBuildThisFileDirectory)third_party\STM\CMSIS\CM3_g4xx\stm32gbk1cb.h" />
    <ClInclude Include="$(MSBuildThisFileDirectory)third_party\STM\CMSIS\CM3_g4xx\system_stm32g4xx.h" />
    <ClInclude Include="$(MSBuildThisFileDirectory)third_party\STM\CMSIS\CM3_h7xx\mpu_armv7.h" />
    <ClInclude Include="$(MSBuildThisFileDirectory)third_party\STM\CMSIS\CM3_h7xx\stm32h743xx.h" />
    <ClInclude Include="$(MSBuildThisFileDirectory)third_party\STM\CMSIS\CM3_h7xx\stm32h753xx.h" />
    <ClInclude Include="$(MSBuildThisFileDirectory)third_party\STM\CMSIS\CM3_h7xx\stm32h7xx.h" />
    <ClInclude Include="$(MSBuildThisFileDirectory)third_party\STM\CMSIS\CM3_h7xx\system_stm32h7xx.h" />
    <ClInclude Include="$(MSBuildThisFileDirectory)third_party\STM\stm32f0xx_conf.h" />
    <ClInclude Include="$(MSBuildThisFileDirectory)third_party\STM\STM32F0xx_StdPeriph_Driver\inc\stm32f0xx_adc.h" />
    <ClInclude Include="$(MSBuildThisFileDirectory)third_party\STM\STM32F0xx_StdPeriph_Driver\inc\stm32f0xx_can.h" />
    <ClInclude Include="$(MSBuildThisFileDirectory)third_party\STM\STM32F0xx_StdPeriph_Driver\inc\stm32f0xx_cec.h" />
    <ClInclude Include="$(MSBuildThisFileDirectory)third_party\STM\STM32F0xx_StdPeriph_Driver\inc\stm32f0xx_comp.h" />
    <ClInclude Include="$(MSBuildThisFileDirectory)third_party\STM\STM32F0xx_StdPeriph_Driver\inc\stm32f0xx_crc.h" />
    <ClInclude Include="$(MSBuildThisFileDirectory)third_party\STM\STM32F0xx_StdPeriph_Driver\inc\stm32f0xx_crs.h" />
    <ClInclude Include="$(MSBuildThisFileDirectory)third_party\STM\STM32F0xx_StdPeriph_Driver\inc\stm32f0xx_dac.h" />
    <ClInclude Include="$(MSBuildThisFileDirectory)third_party\STM\STM32F0xx_StdPeriph_Driver\inc\stm32f0xx_dbgmcu.h" />
    <ClInclude Include="$(MSBuildThisFileDirectory)third_party\STM\STM32F0xx_StdPeriph_Driver\inc\stm32f0xx_dma.h" />
    <ClInclude Include="$(MSBuildThisFileDirectory)third_party\STM\STM32F0xx_StdPeriph_Driver\inc\stm32f0xx_exti.h" />
    <ClInclude Include="$(MSBuildThisFileDirectory)third_party\STM\STM32F0xx_StdPeriph_Driver\inc\stm32f0xx_flash.h" />
    <ClInclude Include="$(MSBuildThisFileDirectory)third_party\STM\STM32F0xx_StdPeriph_Driver\inc\stm32f0xx_gpio.h" />
    <ClInclude Include="$(MSBuildThisFileDirectory)third_party\STM\STM32F0xx_StdPeriph_Driver\inc\stm32f0xx_i2c.h" />
    <ClInclude Include="$(MSBuildThisFileDirectory)third_party\STM\STM32F0xx_StdPeriph_Driver\inc\stm32f0xx_iwdg.h" />
    <ClInclude Include="$(MSBuildThisFileDirectory)third_party\STM\STM32F0xx_StdPeriph_Driver\inc\stm32f0xx_misc.h" />
    <ClInclude Include="$(MSBuildThisFileDirectory)third_party\STM\STM32F0xx_StdPeriph_Driver\inc\stm32f0xx_pwr.h" />
    <ClInclude Include="$(MSBuildThisFileDirectory)third_party\STM\STM32F0xx_StdPeriph_Driver\inc\stm32f0xx_rcc.h" />
    <ClInclude Include="$(MSBuildThisFileDirectory)third_party\STM\STM32F0xx_StdPeriph_Driver\inc\stm32f0xx_rtc.h" />
    <ClInclude Include="$(MSBuildThisFileDirectory)third_party\STM\STM32F0xx_StdPeriph_Driver\inc\stm32f0xx_spi.h" />
    <ClInclude Include="$(MSBuildThisFileDirectory)third_party\STM\STM32F0xx_StdPeriph_Driver\inc\stm32f0xx_syscfg.h" />
    <ClInclude Include="$(MSBuildThisFileDirectory)third_party\STM\STM32F0xx_StdPeriph_Driver\inc\stm32f0xx_tim.h" />
    <ClInclude Include="$(MSBuildThisFileDirectory)third_party\STM\STM32F0xx_StdPeriph_Driver\inc\stm32f0xx_usart.h" />
    <ClInclude Include="$(MSBuildThisFileDirectory)third_party\STM\STM32F0xx_StdPeriph_Driver\inc\stm32f0xx_wwdg.h" />
    <ClInclude Include="$(MSBuildThisFileDirectory)third_party\STM\stm32f10x_conf.h" />
    <ClInclude Include="$(MSBuildThisFileDirectory)third_party\STM\STM32F10x_StdPeriph_Driver\inc\misc.h" />
    <ClInclude Include="$(MSBuildThisFileDirectory)third_party\STM\STM32F10x_StdPeriph_Driver\inc\stm32f10x_adc.h" />
    <ClInclude Include="$(MSBuildThisFileDirectory)third_party\STM\STM32F10x_StdPeriph_Driver\inc\stm32f10x_bkp.h" />
    <ClInclude Include="$(MSBuildThisFileDirectory)third_party\STM\STM32F10x_StdPeriph_Driver\inc\stm32f10x_can.h" />
    <ClInclude Include="$(MSBuildThisFileDirectory)third_party\STM\STM32F10x_StdPeriph_Driver\inc\stm32f10x_crc.h" />
    <ClInclude Include="$(MSBuildThisFileDirectory)third_party\STM\STM32F10x_StdPeriph_Driver\inc\stm32f10x_dac.h" />
    <ClInclude Include="$(MSBuildThisFileDirectory)third_party\STM\STM32F10x_StdPeriph_Driver\inc\stm32f10x_dbgmcu.h" />
    <ClInclude Include="$(MSBuildThisFileDirectory)third_party\STM\STM32F10x_StdPeriph_Driver\inc\stm32f10x_dma.h" />
    <ClInclude Include="$(MSBuildThisFileDirectory)third_party\STM\STM32F10x_StdPeriph_Driver\inc\stm32f10x_exti.h" />
    <ClInclude Include="$(MSBuildThisFileDirectory)third_party\STM\STM32F10x_StdPeriph_Driver\inc\stm32f10x_flash.h" />
    <ClInclude Include="$(MSBuildThisFileDirectory)third_party\STM\STM32F10x_StdPeriph_Driver\inc\stm32f10x_fsmc.h" />
    <ClInclude Include="$(MSBuildThisFileDirectory)third_party\STM\STM32F10x_StdPeriph_Driver\inc\stm32f10x_gpio.h" />
    <ClInclude Include="$(MSBuildThisFileDirectory)third_party\STM\STM32F10x_StdPeriph_Driver\inc\stm32f10x_i2c.h" />
    <ClInclude Include="$(MSBuildThisFileDirectory)third_party\STM\STM32F10x_StdPeriph_Driver\inc\stm32f10x_iwdg.h" />
    <ClInclude Include="$(MSBuildThisFileDirectory)third_party\STM\STM32F10x_StdPeriph_Driver\inc\stm32f10x_pwr.h" />
    <ClInclude Include="$(MSBuildThisFileDirectory)third_party\STM\STM32F10x_StdPeriph_Driver\inc\stm32f10x_rcc.h" />
    <ClInclude Include="$(MSBuildThisFileDirectory)third_party\STM\STM32F10x_StdPeriph_Driver\inc\stm32f10x_rtc.h" />
    <ClInclude Include="$(MSBuildThisFileDirectory)third_party\STM\STM32F10x_StdPeriph_Driver\inc\stm32f10x_sdio.h" />
    <ClInclude Include="$(MSBuildThisFileDirectory)third_party\STM\STM32F10x_StdPeriph_Driver\inc\stm32f10x_spi.h" />
    <ClInclude Include="$(MSBuildThisFileDirectory)third_party\STM\STM32F10x_StdPeriph_Driver\inc\stm32f10x_tim.h" />
    <ClInclude Include="$(MSBuildThisFileDirectory)third_party\STM\STM32F10x_StdPeriph_Driver\inc\stm32f10x_usart.h" />
    <ClInclude Include="$(MSBuildThisFileDirectory)third_party\STM\STM32F10x_StdPeriph_Driver\inc\stm32f10x_wwdg.h" />
    <ClInclude Include="$(MSBuildThisFileDirectory)third_party\STM\stm32f37x_conf.h" />
    <ClInclude Include="$(MSBuildThisFileDirectory)third_party\STM\STM32F37x_StdPeriph_Driver\inc\stm32f37x_adc.h" />
    <ClInclude Include="$(MSBuildThisFileDirectory)third_party\STM\STM32F37x_StdPeriph_Driver\inc\stm32f37x_can.h" />
    <ClInclude Include="$(MSBuildThisFileDirectory)third_party\STM\STM32F37x_StdPeriph_Driver\inc\stm32f37x_cec.h" />
    <ClInclude Include="$(MSBuildThisFileDirectory)third_party\STM\STM32F37x_StdPeriph_Driver\inc\stm32f37x_comp.h" />
    <ClInclude Include="$(MSBuildThisFileDirectory)third_party\STM\STM32F37x_StdPeriph_Driver\inc\stm32f37x_crc.h" />
    <ClInclude Include="$(MSBuildThisFileDirectory)third_party\STM\STM32F37x_StdPeriph_Driver\inc\stm32f37x_dac.h" />
    <ClInclude Include="$(MSBuildThisFileDirectory)third_party\STM\STM32F37x_StdPeriph_Driver\inc\stm32f37x_dbgmcu.h" />
    <ClInclude Include="$(MSBuildThisFileDirectory)third_party\STM\STM32F37x_StdPeriph_Driver\inc\stm32f37x_dma.h" />
    <ClInclude Include="$(MSBuildThisFileDirectory)third_party\STM\STM32F37x_StdPeriph_Driver\inc\stm32f37x_exti.h" />
    <ClInclude Include="$(MSBuildThisFileDirectory)third_party\STM\STM32F37x_StdPeriph_Driver\inc\stm32f37x_flash.h" />
    <ClInclude Include="$(MSBuildThisFileDirectory)third_party\STM\STM32F37x_StdPeriph_Driver\inc\stm32f37x_gpio.h" />
    <ClInclude Include="$(MSBuildThisFileDirectory)third_party\STM\STM32F37x_StdPeriph_Driver\inc\stm32f37x_i2c.h" />
    <ClInclude Include="$(MSBuildThisFileDirectory)third_party\STM\STM32F37x_StdPeriph_Driver\inc\stm32f37x_iwdg.h" />
    <ClInclude Include="$(MSBuildThisFileDirectory)third_party\STM\STM32F37x_StdPeriph_Driver\inc\stm32f37x_misc.h" />
    <ClInclude Include="$(MSBuildThisFileDirectory)third_party\STM\STM32F37x_StdPeriph_Driver\inc\stm32f37x_pwr.h" />
    <ClInclude Include="$(MSBuildThisFileDirectory)third_party\STM\STM32F37x_StdPeriph_Driver\inc\stm32f37x_rcc.h" />
    <ClInclude Include="$(MSBuildThisFileDirectory)third_party\STM\STM32F37x_StdPeriph_Driver\inc\stm32f37x_rtc.h" />
    <ClInclude Include="$(MSBuildThisFileDirectory)third_party\STM\STM32F37x_StdPeriph_Driver\inc\stm32f37x_sdadc.h" />
    <ClInclude Include="$(MSBuildThisFileDirectory)third_party\STM\STM32F37x_StdPeriph_Driver\inc\stm32f37x_spi.h" />
    <ClInclude Include="$(MSBuildThisFileDirectory)third_party\STM\STM32F37x_StdPeriph_Driver\inc\stm32f37x_syscfg.h" />
    <ClInclude Include="$(MSBuildThisFileDirectory)third_party\STM\STM32F37x_StdPeriph_Driver\inc\stm32f37x_tim.h" />
    <ClInclude Include="$(MSBuildThisFileDirectory)third_party\STM\STM32F37x_StdPeriph_Driver\inc\stm32f37x_usart.h" />
    <ClInclude Include="$(MSBuildThisFileDirectory)third_party\STM\STM32F37x_StdPeriph_Driver\inc\stm32f37x_wwdg.h" />
    <ClInclude Include="$(MSBuildThisFileDirectory)third_party\STM\stm32f4xx_conf.h" />
    <ClInclude Include="$(MSBuildThisFileDirectory)third_party\STM\STM32F4xx_StdPeriph_Driver\inc\misc.h" />
    <ClInclude Include="$(MSBuildThisFileDirectory)third_party\STM\STM32F4xx_StdPeriph_Driver\inc\stm32f4xx_adc.h" />
    <ClInclude Include="$(MSBuildThisFileDirectory)third_party\STM\STM32F4xx_StdPeriph_Driver\inc\stm32f4xx_can.h" />
    <ClInclude Include="$(MSBuildThisFileDirectory)third_party\STM\STM32F4xx_StdPeriph_Driver\inc\stm32f4xx_cec.h" />
    <ClInclude Include="$(MSBuildThisFileDirectory)third_party\STM\STM32F4xx_StdPeriph_Driver\inc\stm32f4xx_crc.h" />
    <ClInclude Include="$(MSBuildThisFileDirectory)third_party\STM\STM32F4xx_StdPeriph_Driver\inc\stm32f4xx_cryp.h" />
    <ClInclude Include="$(MSBuildThisFileDirectory)third_party\STM\STM32F4xx_StdPeriph_Driver\inc\stm32f4xx_dac.h" />
    <ClInclude Include="$(MSBuildThisFileDirectory)third_party\STM\STM32F4xx_StdPeriph_Driver\inc\stm32f4xx_dbgmcu.h" />
    <ClInclude Include="$(MSBuildThisFileDirectory)third_party\STM\STM32F4xx_StdPeriph_Driver\inc\stm32f4xx_dcmi.h" />
    <ClInclude Include="$(MSBuildThisFileDirectory)third_party\STM\STM32F4xx_StdPeriph_Driver\inc\stm32f4xx_dma.h" />
    <ClInclude Include="$(MSBuildThisFileDirectory)third_party\STM\STM32F4xx_StdPeriph_Driver\inc\stm32f4xx_dma2d.h" />
    <ClInclude Include="$(MSBuildThisFileDirectory)third_party\STM\STM32F4xx_StdPeriph_Driver\inc\stm32f4xx_dsi.h" />
    <ClInclude Include="$(MSBuildThisFileDirectory)third_party\STM\STM32F4xx_StdPeriph_Driver\inc\stm32f4xx_exti.h" />
    <ClInclude Include="$(MSBuildThisFileDirectory)third_party\STM\STM32F4xx_StdPeriph_Driver\inc\stm32f4xx_flash.h" />
    <ClInclude Include="$(MSBuildThisFileDirectory)third_party\STM\STM32F4xx_StdPeriph_Driver\inc\stm32f4xx_flash_ramfunc.h" />
    <ClInclude Include="$(MSBuildThisFileDirectory)third_party\STM\STM32F4xx_StdPeriph_Driver\inc\stm32f4xx_fmc.h" />
    <ClInclude Include="$(MSBuildThisFileDirectory)third_party\STM\STM32F4xx_StdPeriph_Driver\inc\stm32f4xx_fmpi2c.h" />
    <ClInclude Include="$(MSBuildThisFileDirectory)third_party\STM\STM32F4xx_StdPeriph_Driver\inc\stm32f4xx_fsmc.h" />
    <ClInclude Include="$(MSBuildThisFileDirectory)third_party\STM\STM32F4xx_StdPeriph_Driver\inc\stm32f4xx_gpio.h" />
    <ClInclude Include="$(MSBuildThisFileDirectory)third_party\STM\STM32F4xx_StdPeriph_Driver\inc\stm32f4xx_hash.h" />
    <ClInclude Include="$(MSBuildThisFileDirectory)third_party\STM\STM32F4xx_StdPeriph_Driver\inc\stm32f4xx_i2c.h" />
    <ClInclude Include="$(MSBuildThisFileDirectory)third_party\STM\STM32F4xx_StdPeriph_Driver\inc\stm32f4xx_iwdg.h" />
    <ClInclude Include="$(MSBuildThisFileDirectory)third_party\STM\STM32F4xx_StdPeriph_Driver\inc\stm32f4xx_lptim.h" />
    <ClInclude Include="$(MSBuildThisFileDirectory)third_party\STM\STM32F4xx_StdPeriph_Driver\inc\stm32f4xx_ltdc.h" />
    <ClInclude Include="$(MSBuildThisFileDirectory)third_party\STM\STM32F4xx_StdPeriph_Driver\inc\stm32f4xx_pwr.h" />
    <ClInclude Include="$(MSBuildThisFileDirectory)third_party\STM\STM32F4xx_StdPeriph_Driver\inc\stm32f4xx_qspi.h" />
    <ClInclude Include="$(MSBuildThisFileDirectory)third_party\STM\STM32F4xx_StdPeriph_Driver\inc\stm32f4xx_rcc.h" />
    <ClInclude Include="$(MSBuildThisFileDirectory)third_party\STM\STM32F4xx_StdPeriph_Driver\inc\stm32f4xx_rng.h" />
    <ClInclude Include="$(MSBuildThisFileDirectory)third_party\STM\STM32F4xx_StdPeriph_Driver\inc\stm32f4xx_rtc.h" />
    <ClInclude Include="$(MSBuildThisFileDirectory)third_party\STM\STM32F4xx_StdPeriph_Driver\inc\stm32f4xx_sai.h" />
    <ClInclude Include="$(MSBuildThisFileDirectory)third_party\STM\STM32F4xx_StdPeriph_Driver\inc\stm32f4xx_sdio.h" />
    <ClInclude Include="$(MSBuildThisFileDirectory)third_party\STM\STM32F4xx_StdPeriph_Driver\inc\stm32f4xx_spdifrx.h" />
    <ClInclude Include="$(MSBuildThisFileDirectory)third_party\STM\STM32F4xx_StdPeriph_Driver\inc\stm32f4xx_spi.h" />
    <ClInclude Include="$(MSBuildThisFileDirectory)third_party\STM\STM32F4xx_StdPeriph_Driver\inc\stm32f4xx_syscfg.h" />
    <ClInclude Include="$(MSBuildThisFileDirectory)third_party\STM\STM32F4xx_StdPeriph_Driver\inc\stm32f4xx_tim.h" />
    <ClInclude Include="$(MSBuildThisFileDirectory)third_party\STM\STM32F4xx_StdPeriph_Driver\inc\stm32f4xx_usart.h" />
    <ClInclude Include="$(MSBuildThisFileDirectory)third_party\STM\STM32F4xx_StdPeriph_Driver\inc\stm32f4xx_wwdg.h" />
    <ClInclude Include="$(MSBuildThisFileDirectory)third_party\STM\stm32g4xx_hal_conf.h" />
    <ClInclude Include="$(MSBuildThisFileDirectory)third_party\STM\STM32G4xx_HAL_Driver\inc\Legacy\stm32_hal_legacy.h" />
    <ClInclude Include="$(MSBuildThisFileDirectory)third_party\STM\STM32G4xx_HAL_Driver\inc\stm32g4xx_hal.h" />
    <ClInclude Include="$(MSBuildThisFileDirectory)third_party\STM\STM32G4xx_HAL_Driver\inc\stm32g4xx_hal_adc.h" />
    <ClInclude Include="$(MSBuildThisFileDirectory)third_party\STM\STM32G4xx_HAL_Driver\inc\stm32g4xx_hal_adc_ex.h" />
    <ClInclude Include="$(MSBuildThisFileDirectory)third_party\STM\STM32G4xx_HAL_Driver\inc\stm32g4xx_hal_cortex.h" />
    <ClInclude Include="$(MSBuildThisFileDirectory)third_party\STM\STM32G4xx_HAL_Driver\inc\stm32g4xx_hal_dac.h" />
    <ClInclude Include="$(MSBuildThisFileDirectory)third_party\STM\STM32G4xx_HAL_Driver\inc\stm32g4xx_hal_dac_ex.h" />
    <ClInclude Include="$(MSBuildThisFileDirectory)third_party\STM\STM32G4xx_HAL_Driver\inc\stm32g4xx_hal_def.h" />
    <ClInclude Include="$(MSBuildThisFileDirectory)third_party\STM\STM32G4xx_HAL_Driver\inc\stm32g4xx_hal_dma.h" />
    <ClInclude Include="$(MSBuildThisFileDirectory)third_party\STM\STM32G4xx_HAL_Driver\inc\stm32g4xx_hal_dma_ex.h" />
    <ClInclude Include="$(MSBuildThisFileDirectory)third_party\STM\STM32G4xx_HAL_Driver\inc\stm32g4xx_hal_flash.h" />
    <ClInclude Include="$(MSBuildThisFileDirectory)third_party\STM\STM32G4xx_HAL_Driver\inc\stm32g4xx_hal_flash_ex.h" />
    <ClInclude Include="$(MSBuildThisFileDirectory)third_party\STM\STM32G4xx_HAL_Driver\inc\stm32g4xx_hal_flash_ramfunc.h" />
    <ClInclude Include="$(MSBuildThisFileDirectory)third_party\STM\STM32G4xx_HAL_Driver\inc\stm32g4xx_hal_fmac.h" />
    <ClInclude Include="$(MSBuildThisFileDirectory)third_party\STM\STM32G4xx_HAL_Driver\inc\stm32g4xx_hal_gpio.h" />
    <ClInclude Include="$(MSBuildThisFileDirectory)third_party\STM\STM32G4xx_HAL_Driver\inc\stm32g4xx_hal_gpio_ex.h" />
    <ClInclude Include="$(MSBuildThisFileDirectory)third_party\STM\STM32G4xx_HAL_Driver\inc\stm32g4xx_hal_i2c.h" />
    <ClInclude Include="$(MSBuildThisFileDirectory)third_party\STM\STM32G4xx_HAL_Driver\inc\stm32g4xx_hal_i2c_ex.h" />
    <ClInclude Include="$(MSBuildThisFileDirectory)third_party\STM\STM32G4xx_HAL_Driver\inc\stm32g4xx_hal_i2s.h" />
    <ClInclude Include="$(MSBuildThisFileDirectory)third_party\STM\STM32G4xx_HAL_Driver\inc\stm32g4xx_hal_iwdg.h" />
    <ClInclude Include="$(MSBuildThisFileDirectory)third_party\STM\STM32G4xx_HAL_Driver\inc\stm32g4xx_hal_pwr.h" />
    <ClInclude Include="$(MSBuildThisFileDirectory)third_party\STM\STM32G4xx_HAL_Driver\inc\stm32g4xx_hal_pwr_ex.h" />
    <ClInclude Include="$(MSBuildThisFileDirectory)third_party\STM\STM32G4xx_HAL_Driver\inc\stm32g4xx_hal_qspi.h" />
    <ClInclude Include="$(MSBuildThisFileDirectory)third_party\STM\STM32G4xx_HAL_Driver\inc\stm32g4xx_hal_rcc.h" />
    <ClInclude Include="$(MSBuildThisFileDirectory)third_party\STM\STM32G4xx_HAL_Driver\inc\stm32g4xx_hal_rcc_ex.h" />
    <ClInclude Include="$(MSBuildThisFileDirectory)third_party\STM\STM32G4xx_HAL_Driver\inc\stm32g4xx_hal_rng.h" />
    <ClInclude Include="$(MSBuildThisFileDirectory)third_party\STM\STM32G4xx_HAL_Driver\inc\stm32g4xx_hal_sai.h" />
    <ClInclude Include="$(MSBuildThisFileDirectory)third_party\STM\STM32G4xx_HAL_Driver\inc\stm32g4xx_hal_sai_ex.h" />
    <ClInclude Include="$(MSBuildThisFileDirectory)third_party\STM\STM32G4xx_HAL_Driver\inc\stm32g4xx_hal_spi.h" />
    <ClInclude Include="$(MSBuildThisFileDirectory)third_party\STM\STM32G4xx_HAL_Driver\inc\stm32g4xx_hal_spi_ex.h" />
    <ClInclude Include="$(MSBuildThisFileDirectory)third_party\STM\STM32G4xx_HAL_Driver\inc\stm32g4xx_hal_tim.h" />
    <ClInclude Include="$(MSBuildThisFileDirectory)third_party\STM\STM32G4xx_HAL_Driver\inc\stm32g4xx_hal_tim_ex.h" />
    <ClInclude Include="$(MSBuildThisFileDirectory)third_party\STM\STM32G4xx_HAL_Driver\inc\stm32g4xx_hal_uart.h" />
    <ClInclude Include="$(MSBuildThisFileDirectory)third_party\STM\STM32G4xx_HAL_Driver\inc\stm32g4xx_hal_uart_ex.h" />
    <ClInclude Include="$(MSBuildThisFileDirectory)third_party\STM\STM32G4xx_HAL_Driver\inc\stm32g4xx_hal_usart.h" />
    <ClInclude Include="$(MSBuildThisFileDirectory)third_party\STM\STM32G4xx_HAL_Driver\inc\stm32g4xx_hal_usart_ex.h" />
    <ClInclude Include="$(MSBuildThisFileDirectory)third_party\STM\STM32G4xx_HAL_Driver\inc\stm32g4xx_ll_adc.h" />
    <ClInclude Include="$(MSBuildThisFileDirectory)third_party\STM\STM32G4xx_HAL_Driver\inc\stm32g4xx_ll_bus.h" />
    <ClInclude Include="$(MSBuildThisFileDirectory)third_party\STM\STM32G4xx_HAL_Driver\inc\stm32g4xx_ll_cortex.h" />
    <ClInclude Include="$(MSBuildThisFileDirectory)third_party\STM\STM32G4xx_HAL_Driver\inc\stm32g4xx_ll_crc.h" />
    <ClInclude Include="$(MSBuildThisFileDirectory)third_party\STM\STM32G4xx_HAL_Driver\inc\stm32g4xx_ll_dac.h" />
    <ClInclude Include="$(MSBuildThisFileDirectory)third_party\STM\STM32G4xx_HAL_Driver\inc\stm32g4xx_ll_dma.h" />
    <ClInclude Include="$(MSBuildThisFileDirectory)third_party\STM\STM32G4xx_HAL_Driver\inc\stm32g4xx_ll_dmamux.h" />
    <ClInclude Include="$(MSBuildThisFileDirectory)third_party\STM\STM32G4xx_HAL_Driver\inc\stm32g4xx_ll_fmac.h" />
    <ClInclude Include="$(MSBuildThisFileDirectory)third_party\STM\STM32G4xx_HAL_Driver\inc\stm32g4xx_ll_fmc.h" />
    <ClInclude Include="$(MSBuildThisFileDirectory)third_party\STM\STM32G4xx_HAL_Driver\inc\stm32g4xx_ll_gpio.h" />
    <ClInclude Include="$(MSBuildThisFileDirectory)third_party\STM\STM32G4xx_HAL_Driver\inc\stm32g4xx_ll_i2c.h" />
    <ClInclude Include="$(MSBuildThisFileDirectory)third_party\STM\STM32G4xx_HAL_Driver\inc\stm32g4xx_ll_iwdg.h" />
    <ClInclude Include="$(MSBuildThisFileDirectory)third_party\STM\STM32G4xx_HAL_Driver\inc\stm32g4xx_ll_pwr.h" />
    <ClInclude Include="$(MSBuildThisFileDirectory)third_party\STM\STM32G4xx_HAL_Driver\inc\stm32g4xx_ll_rcc.h" />
    <ClInclude Include="$(MSBuildThisFileDirectory)third_party\STM\STM32G4xx_HAL_Driver\inc\stm32g4xx_ll_rng.h" />
    <ClInclude Include="$(MSBuildThisFileDirectory)third_party\STM\STM32G4xx_HAL_Driver\inc\stm32g4xx_ll_spi.h" />
    <ClInclude Include="$(MSBuildThisFileDirectory)third_party\STM\STM32G4xx_HAL_Driver\inc\stm32g4xx_ll_system.h" />
    <ClInclude Include="$(MSBuildThisFileDirectory)third_party\STM\STM32G4xx_HAL_Driver\inc\stm32g4xx_ll_tim.h" />
    <ClInclude Include="$(MSBuildThisFileDirectory)third_party\STM\STM32G4xx_HAL_Driver\inc\stm32g4xx_ll_usart.h" />
    <ClInclude Include="$(MSBuildThisFileDirectory)third_party\STM\STM32G4xx_HAL_Driver\inc\stm32g4xx_ll_utils.h" />
    <ClInclude Include="$(MSBuildThisFileDirectory)third_party\STM\STM32G4xx_HAL_Driver\inc\stm32_assert_template.h" />
    <ClInclude Include="$(MSBuildThisFileDirectory)third_party\STM\stm32h7xx_hal_conf.h" />
    <ClInclude Include="$(MSBuildThisFileDirectory)third_party\STM\STM32H7xx_HAL_Driver\inc\Legacy\stm32_hal_legacy.h" />
    <ClInclude Include="$(MSBuildThisFileDirectory)third_party\STM\STM32H7xx_HAL_Driver\inc\stm32h7xx_hal.h" />
    <ClInclude Include="$(MSBuildThisFileDirectory)third_party\STM\STM32H7xx_HAL_Driver\inc\stm32h7xx_hal_adc.h" />
    <ClInclude Include="$(MSBuildThisFileDirectory)third_party\STM\STM32H7xx_HAL_Driver\inc\stm32h7xx_hal_adc_ex.h" />
    <ClInclude Include="$(MSBuildThisFileDirectory)third_party\STM\STM32H7xx_HAL_Driver\inc\stm32h7xx_hal_cortex.h" />
    <ClInclude Include="$(MSBuildThisFileDirectory)third_party\STM\STM32H7xx_HAL_Driver\inc\stm32h7xx_hal_dac.h" />
    <ClInclude Include="$(MSBuildThisFileDirectory)third_party\STM\STM32H7xx_HAL_Driver\inc\stm32h7xx_hal_dac_ex.h" />
    <ClInclude Include="$(MSBuildThisFileDirectory)third_party\STM\STM32H7xx_HAL_Driver\inc\stm32h7xx_hal_def.h" />
    <ClInclude Include="$(MSBuildThisFileDirectory)third_party\STM\STM32H7xx_HAL_Driver\inc\stm32h7xx_hal_dma.h" />
    <ClInclude Include="$(MSBuildThisFileDirectory)third_party\STM\STM32H7xx_HAL_Driver\inc\stm32h7xx_hal_dma_ex.h" />
    <ClInclude Include="$(MSBuildThisFileDirectory)third_party\STM\STM32H7xx_HAL_Driver\inc\stm32h7xx_hal_flash.h" />
    <ClInclude Include="$(MSBuildThisFileDirectory)third_party\STM\STM32H7xx_HAL_Driver\inc\stm32h7xx_hal_flash_ex.h" />
    <ClInclude Include="$(MSBuildThisFileDirectory)third_party\STM\STM32H7xx_HAL_Driver\inc\stm32h7xx_hal_gpio.h" />
    <ClInclude Include="$(MSBuildThisFileDirectory)third_party\STM\STM32H7xx_HAL_Driver\inc\stm32h7xx_hal_gpio_ex.h" />
    <ClInclude Include="$(MSBuildThisFileDirectory)third_party\STM\STM32H7xx_HAL_Driver\inc\stm32h7xx_hal_hsem.h" />
    <ClInclude Include="$(MSBuildThisFileDirectory)third_party\STM\STM32H7xx_HAL_Driver\inc\stm32h7xx_hal_i2c.h" />
    <ClInclude Include="$(MSBuildThisFileDirectory)third_party\STM\STM32H7xx_HAL_Driver\inc\stm32h7xx_hal_i2c_ex.h" />
    <ClInclude Include="$(MSBuildThisFileDirectory)third_party\STM\STM32H7xx_HAL_Driver\inc\stm32h7xx_hal_i2s.h" />
    <ClInclude Include="$(MSBuildThisFileDirectory)third_party\STM\STM32H7xx_HAL_Driver\inc\stm32h7xx_hal_i2s_ex.h" />
    <ClInclude Include="$(MSBuildThisFileDirectory)third_party\STM\STM32H7xx_HAL_Driver\inc\stm32h7xx_hal_iwdg.h" />
    <ClInclude Include="$(MSBuildThisFileDirectory)third_party\STM\STM32H7xx_HAL_Driver\inc\stm32h7xx_hal_mdma.h" />
    <ClInclude Include="$(MSBuildThisFileDirectory)third_party\STM\STM32H7xx_HAL_Driver\inc\stm32h7xx_hal_pwr.h" />
    <ClInclude Include="$(MSBuildThisFileDirectory)third_party\STM\STM32H7xx_HAL_Driver\inc\stm32h7xx_hal_pwr_ex.h" />
    <ClInclude Include="$(MSBuildThisFileDirectory)third_party\STM\STM32H7xx_HAL_Driver\inc\stm32h7xx_hal_qspi.h" />
    <ClInclude Include="$(MSBuildThisFileDirectory)third_party\STM\STM32H7xx_HAL_Driver\inc\stm32h7xx_hal_rcc.h" />
    <ClInclude Include="$(MSBuildThisFileDirectory)third_party\STM\STM32H7xx_HAL_Driver\inc\stm32h7xx_hal_rcc_ex.h" />
    <ClInclude Include="$(MSBuildThisFileDirectory)third_party\STM\STM32H7xx_HAL_Driver\inc\stm32h7xx_hal_rng.h" />
    <ClInclude Include="$(MSBuildThisFileDirectory)third_party\STM\STM32H7xx_HAL_Driver\inc\stm32h7xx_hal_sai.h" />
    <ClInclude Include="$(MSBuildThisFileDirectory)third_party\STM\STM32H7xx_HAL_Driver\inc\stm32h7xx_hal_sai_ex.h" />
    <ClInclude Include="$(MSBuildThisFileDirectory)third_party\STM\STM32H7xx_HAL_Driver\inc\stm32h7xx_hal_sd.h" />
    <ClInclude Include="$(MSBuildThisFileDirectory)third_party\STM\STM32H7xx_HAL_Driver\inc\stm32h7xx_hal_sd_ex.h" />
    <ClInclude Include="$(MSBuildThisFileDirectory)third_party\STM\STM32H7xx_HAL_Driver\inc\stm32h7xx_hal_spi.h" />
    <ClInclude Include="$(MSBuildThisFileDirectory)third_party\STM\STM32H7xx_HAL_Driver\inc\stm32h7xx_hal_spi_ex.h" />
    <ClInclude Include="$(MSBuildThisFileDirectory)third_party\STM\STM32H7xx_HAL_Driver\inc\stm32h7xx_hal_tim.h" />
    <ClInclude Include="$(MSBuildThisFileDirectory)third_party\STM\STM32H7xx_HAL_Driver\inc\stm32h7xx_hal_tim_ex.h" />
    <ClInclude Include="$(MSBuildThisFileDirectory)third_party\STM\STM32H7xx_HAL_Driver\inc\stm32h7xx_hal_uart.h" />
    <ClInclude Include="$(MSBuildThisFileDirectory)third_party\STM\STM32H7xx_HAL_Driver\inc\stm32h7xx_hal_uart_ex.h" />
    <ClInclude Include="$(MSBuildThisFileDirectory)third_party\STM\STM32H7xx_HAL_Driver\inc\stm32h7xx_hal_usart.h" />
    <ClInclude Include="$(MSBuildThisFileDirectory)third_party\STM\STM32H7xx_HAL_Driver\inc\stm32h7xx_hal_usart_ex.h" />
    <ClInclude Include="$(MSBuildThisFileDirectory)third_party\STM\STM32H7xx_HAL_Driver\inc\stm32h7xx_ll_adc.h" />
    <ClInclude Include="$(MSBuildThisFileDirectory)third_party\STM\STM32H7xx_HAL_Driver\inc\stm32h7xx_ll_bdma.h" />
    <ClInclude Include="$(MSBuildThisFileDirectory)third_party\STM\STM32H7xx_HAL_Driver\inc\stm32h7xx_ll_bus.h" />
    <ClInclude Include="$(MSBuildThisFileDirectory)third_party\STM\STM32H7xx_HAL_Driver\inc\stm32h7xx_ll_cortex.h" />
    <ClInclude Include="$(MSBuildThisFileDirectory)third_party\STM\STM32H7xx_HAL_Driver\inc\stm32h7xx_ll_dac.h" />
    <ClInclude Include="$(MSBuildThisFileDirectory)third_party\STM\STM32H7xx_HAL_Driver\inc\stm32h7xx_ll_delayblock.h" />
    <ClInclude Include="$(MSBuildThisFileDirectory)third_party\STM\STM32H7xx_HAL_Driver\inc\stm32h7xx_ll_dma.h" />
    <ClInclude Include="$(MSBuildThisFileDirectory)third_party\STM\STM32H7xx_HAL_Driver\inc\stm32h7xx_ll_dmamux.h" />
    <ClInclude Include="$(MSBuildThisFileDirectory)third_party\STM\STM32H7xx_HAL_Driver\inc\stm32h7xx_ll_fmc.h" />
    <ClInclude Include="$(MSBuildThisFileDirectory)third_party\STM\STM32H7xx_HAL_Driver\inc\stm32h7xx_ll_gpio.h" />
    <ClInclude Include="$(MSBuildThisFileDirectory)third_party\STM\STM32H7xx_HAL_Driver\inc\stm32h7xx_ll_hsem.h" />
    <ClInclude Include="$(MSBuildThisFileDirectory)third_party\STM\STM32H7xx_HAL_Driver\inc\stm32h7xx_ll_i2c.h" />
    <ClInclude Include="$(MSBuildThisFileDirectory)third_party\STM\STM32H7xx_HAL_Driver\inc\stm32h7xx_ll_iwdg.h" />
    <ClInclude Include="$(MSBuildThisFileDirectory)third_party\STM\STM32H7xx_HAL_Driver\inc\stm32h7xx_ll_lpuart.h" />
    <ClInclude Include="$(MSBuildThisFileDirectory)third_party\STM\STM32H7xx_HAL_Driver\inc\stm32h7xx_ll_mdma.h" />
    <ClInclude Include="$(MSBuildThisFileDirectory)third_party\STM\STM32H7xx_HAL_Driver\inc\stm32h7xx_ll_pwr.h" />
    <ClInclude Include="$(MSBuildThisFileDirectory)third_party\STM\STM32H7xx_HAL_Driver\inc\stm32h7xx_ll_rcc.h" />
    <ClInclude Include="$(MSBuildThisFileDirectory)third_party\STM\STM32H7xx_HAL_Driver\inc\stm32h7xx_ll_rng.h" />
    <ClInclude Include="$(MSBuildThisFileDirectory)third_party\STM\STM32H7xx_HAL_Driver\inc\stm32h7xx_ll_sdmmc.h" />
    <ClInclude Include="$(MSBuildThisFileDirectory)third_party\STM\STM32H7xx_HAL_Driver\inc\stm32h7xx_ll_spi.h" />
    <ClInclude Include="$(MSBuildThisFileDirectory)third_party\STM\STM32H7xx_HAL_Driver\inc\stm32h7xx_ll_system.h" />
    <ClInclude Include="$(MSBuildThisFileDirectory)third_party\STM\STM32H7xx_HAL_Driver\inc\stm32h7xx_ll_tim.h" />
    <ClInclude Include="$(MSBuildThisFileDirectory)third_party\STM\STM32H7xx_HAL_Driver\inc\stm32h7xx_ll_usart.h" />
    <ClInclude Include="$(MSBuildThisFileDirectory)third_party\STM\STM32H7xx_HAL_Driver\inc\stm32h7xx_ll_usb.h" />
    <ClInclude Include="$(MSBuildThisFileDirectory)third_party\STM\STM32H7xx_HAL_Driver\inc\stm32h7xx_ll_utils.h" />
    <ClInclude Include="$(MSBuildThisFileDirectory)third_party\STM\STM32_USB-FS-Device_Driver\inc\otgd_fs_cal.h" />
    <ClInclude Include="$(MSBuildThisFileDirectory)third_party\STM\STM32_USB-FS-Device_Driver\inc\otgd_fs_dev.h" />
    <ClInclude Include="$(MSBuildThisFileDirectory)third_party\STM\STM32_USB-FS-Device_Driver\inc\otgd_fs_int.h" />
    <ClInclude Include="$(MSBuildThisFileDirectory)third_party\STM\STM32_USB-FS-Device_Driver\inc\otgd_fs_pcd.h" />
    <ClInclude Include="$(MSBuildThisFileDirectory)third_party\STM\STM32_USB-FS-Device_Driver\inc\otgd_fs_regs.h" />
    <ClInclude Include="$(MSBuildThisFileDirectory)third_party\STM\STM32_USB-FS-Device_Driver\inc\usb_core.h" />
    <ClInclude Include="$(MSBuildThisFileDirectory)third_party\STM\STM32_USB-FS-Device_Driver\inc\usb_def.h" />
    <ClInclude Include="$(MSBuildThisFileDirectory)third_party\STM\STM32_USB-FS-Device_Driver\inc\usb_init.h" />
    <ClInclude Include="$(MSBuildThisFileDirectory)third_party\STM\STM32_USB-FS-Device_Driver\inc\usb_int.h" />
    <ClInclude Include="$(MSBuildThisFileDirectory)third_party\STM\STM32_USB-FS-Device_Driver\inc\usb_lib.h" />
    <ClInclude Include="$(MSBuildThisFileDirectory)third_party\STM\STM32_USB-FS-Device_Driver\inc\usb_mem.h" />
    <ClInclude Include="$(MSBuildThisFileDirectory)third_party\STM\STM32_USB-FS-Device_Driver\inc\usb_regs.h" />
    <ClInclude Include="$(MSBuildThisFileDirectory)third_party\STM\STM32_USB-FS-Device_Driver\inc\usb_sil.h" />
    <ClInclude Include="$(MSBuildThisFileDirectory)third_party\STM\STM32_USB-FS-Device_Driver\inc\usb_type.h" />
    <ClInclude Include="$(MSBuildThisFileDirectory)third_party\STM\usb_conf.h" />
    <ClInclude Include="$(MSBuildThisFileDirectory)stmlib\ui\event_queue.h" />
    <ClInclude Include="$(MSBuildThisFileDirectory)stmlib\utils\crc32.h" />
    <ClInclude Include="$(MSBuildThisFileDirectory)stmlib\utils\dsp.h" />
    <ClInclude Include="$(MSBuildThisFileDirectory)stmlib\utils\gate_flags.h" />
    <ClInclude Include="$(MSBuildThisFileDirectory)stmlib\utils\murmurhash3.h" />
    <ClInclude Include="$(MSBuildThisFileDirectory)stmlib\utils\random.h" />
    <ClInclude Include="$(MSBuildThisFileDirectory)stmlib\utils\ring_buffer.h" />
    <ClInclude Include="$(MSBuildThisFileDirectory)stmlib\utils\stream_buffer.h" />
    <ClInclude Include="$(MSBuildThisFileDirectory)stmlib\stmlib.h" />
  </ItemGroup>
</Project>