
Microsoft Visual Studio Solution File, Format Version 12.00
# Visual Studio Version 16
VisualStudioVersion = 16.0.30225.117
MinimumVisualStudioVersion = 10.0.40219.1
Project("{8BC9CEB8-8B4A-11D0-8D11-00A0C91BC942}") = "mi", "mi.vcxitems", "{58FF20B8-CEB9-44AF-B2AE-7048FAF5F34D}"
EndProject
Project("{8BC9CEB8-8B4A-11D0-8D11-00A0C91BC942}") = "mi_console", "..\mi_console\mi_console.vcxproj", "{00F0B79C-7014-4BC4-BED4-09DBA3D76D9C}"
EndProject
Global
	GlobalSection(SharedMSBuildProjectFiles) = preSolution
		mi.vcxitems*{00f0b79c-7014-4bc4-bed4-09dba3d76d9c}*SharedItemsImports = 4
		mi.vcxitems*{58ff20b8-ceb9-44af-b2ae-7048faf5f34d}*SharedItemsImports = 9
	EndGlobalSection
	GlobalSection(SolutionConfigurationPlatforms) = preSolution
		Debug|x64 = Debug|x64
		Debug|x86 = Debug|x86
		Release|x64 = Release|x64
		Release|x86 = Release|x86
	EndGlobalSection
	GlobalSection(ProjectConfigurationPlatforms) = postSolution
		{00F0B79C-7014-4BC4-BED4-09DBA3D76D9C}.Debug|x64.ActiveCfg = Debug|x64
		{00F0B79C-7014-4BC4-BED4-09DBA3D76D9C}.Debug|x64.Build.0 = Debug|x64
		{00F0B79C-7014-4BC4-BED4-09DBA3D76D9C}.Debug|x86.ActiveCfg = Debug|Win32
		{00F0B79C-7014-4BC4-BED4-09DBA3D76D9C}.Debug|x86.Build.0 = Debug|Win32
		{00F0B79C-7014-4BC4-BED4-09DBA3D76D9C}.Release|x64.ActiveCfg = Release|x64
		{00F0B79C-7014-4BC4-BED4-09DBA3D76D9C}.Release|x64.Build.0 = Release|x64
		{00F0B79C-7014-4BC4-BED4-09DBA3D76D9C}.Release|x86.ActiveCfg = Release|Win32
		{00F0B79C-7014-4BC4-BED4-09DBA3D76D9C}.Release|x86.Build.0 = Release|Win32
	EndGlobalSection
	GlobalSection(SolutionProperties) = preSolution
		HideSolutionNode = FALSE
	EndGlobalSection
	GlobalSection(ExtensibilityGlobals) = postSolution
		SolutionGuid = {DE07D845-D6BE-45F3-9747-D893DC35F346}
	EndGlobalSection
EndGlobal
